
Microsoft Visual Studio Solution File, Format Version 12.00
# Visual Studio 15
VisualStudioVersion = 15.0.26730.16
MinimumVisualStudioVersion = 10.0.40219.1
Project("{FAE04EC0-301F-11D3-BF4B-00C04F79EFBC}") = "TestTop.Core", "TestTop.Core\TestTop.Core.csproj", "{F0086334-F5F9-42FB-A523-3D7957FC34A2}"
EndProject
Project("{2150E333-8FDC-42A3-9474-1A3956D46DE8}") = "Solution Items", "Solution Items", "{0371555C-95AB-4DE7-B067-887D2A739C2D}"
	ProjectSection(SolutionItems) = preProject
		TukTuk.txt = TukTuk.txt
	EndProjectSection
EndProject
Project("{FAE04EC0-301F-11D3-BF4B-00C04F79EFBC}") = "TestTop", "TestTop\TestTop.csproj", "{EAF72848-B3C8-4746-8A32-1921AE16C650}"
EndProject
Project("{FAE04EC0-301F-11D3-BF4B-00C04F79EFBC}") = "TestTop.TestService", "TestTop.TestService\TestTop.TestService.csproj", "{E4C2693F-FA48-4554-9AF0-8AE46498D4DC}"
EndProject
Project("{FAE04EC0-301F-11D3-BF4B-00C04F79EFBC}") = "TestTop.UI", "TestTop.UI\TestTop.UI.csproj", "{ECF73EBA-87F3-46B1-A1E0-7A9DEA889238}"
EndProject
Project("{FAE04EC0-301F-11D3-BF4B-00C04F79EFBC}") = "TestTopUiTest", "TestTopUiTest\TestTopUiTest.csproj", "{D53A6E5A-2613-45AE-BC15-D91B73F56415}"
EndProject
Project("{FAE04EC0-301F-11D3-BF4B-00C04F79EFBC}") = "RunServer", "RunServer\RunServer.csproj", "{0BBE076B-CDFF-44A9-801C-E05FF6A09239}"
EndProject
Project("{FAE04EC0-301F-11D3-BF4B-00C04F79EFBC}") = "NamedPipeWrapper", "NamedPipeWrapper\NamedPipeWrapper.csproj", "{73152691-3CDE-46DF-8D04-7117747DFFE7}"
EndProject
Global
	GlobalSection(SolutionConfigurationPlatforms) = preSolution
		Debug|Any CPU = Debug|Any CPU
		Release|Any CPU = Release|Any CPU
	EndGlobalSection
	GlobalSection(ProjectConfigurationPlatforms) = postSolution
		{F0086334-F5F9-42FB-A523-3D7957FC34A2}.Debug|Any CPU.ActiveCfg = Debug|Any CPU
		{F0086334-F5F9-42FB-A523-3D7957FC34A2}.Debug|Any CPU.Build.0 = Debug|Any CPU
		{F0086334-F5F9-42FB-A523-3D7957FC34A2}.Release|Any CPU.ActiveCfg = Release|Any CPU
		{F0086334-F5F9-42FB-A523-3D7957FC34A2}.Release|Any CPU.Build.0 = Release|Any CPU
		{EAF72848-B3C8-4746-8A32-1921AE16C650}.Debug|Any CPU.ActiveCfg = Debug|Any CPU
		{EAF72848-B3C8-4746-8A32-1921AE16C650}.Debug|Any CPU.Build.0 = Debug|Any CPU
		{EAF72848-B3C8-4746-8A32-1921AE16C650}.Release|Any CPU.ActiveCfg = Release|Any CPU
		{EAF72848-B3C8-4746-8A32-1921AE16C650}.Release|Any CPU.Build.0 = Release|Any CPU
		{E4C2693F-FA48-4554-9AF0-8AE46498D4DC}.Debug|Any CPU.ActiveCfg = Debug|Any CPU
		{E4C2693F-FA48-4554-9AF0-8AE46498D4DC}.Debug|Any CPU.Build.0 = Debug|Any CPU
		{E4C2693F-FA48-4554-9AF0-8AE46498D4DC}.Release|Any CPU.ActiveCfg = Release|Any CPU
		{E4C2693F-FA48-4554-9AF0-8AE46498D4DC}.Release|Any CPU.Build.0 = Release|Any CPU
		{ECF73EBA-87F3-46B1-A1E0-7A9DEA889238}.Debug|Any CPU.ActiveCfg = Debug|Any CPU
		{ECF73EBA-87F3-46B1-A1E0-7A9DEA889238}.Debug|Any CPU.Build.0 = Debug|Any CPU
		{ECF73EBA-87F3-46B1-A1E0-7A9DEA889238}.Release|Any CPU.ActiveCfg = Release|Any CPU
		{ECF73EBA-87F3-46B1-A1E0-7A9DEA889238}.Release|Any CPU.Build.0 = Release|Any CPU
		{D53A6E5A-2613-45AE-BC15-D91B73F56415}.Debug|Any CPU.ActiveCfg = Debug|Any CPU
		{D53A6E5A-2613-45AE-BC15-D91B73F56415}.Debug|Any CPU.Build.0 = Debug|Any CPU
		{D53A6E5A-2613-45AE-BC15-D91B73F56415}.Release|Any CPU.ActiveCfg = Release|Any CPU
		{D53A6E5A-2613-45AE-BC15-D91B73F56415}.Release|Any CPU.Build.0 = Release|Any CPU
		{0BBE076B-CDFF-44A9-801C-E05FF6A09239}.Debug|Any CPU.ActiveCfg = Debug|Any CPU
		{0BBE076B-CDFF-44A9-801C-E05FF6A09239}.Debug|Any CPU.Build.0 = Debug|Any CPU
		{0BBE076B-CDFF-44A9-801C-E05FF6A09239}.Release|Any CPU.ActiveCfg = Release|Any CPU
		{0BBE076B-CDFF-44A9-801C-E05FF6A09239}.Release|Any CPU.Build.0 = Release|Any CPU
		{73152691-3CDE-46DF-8D04-7117747DFFE7}.Debug|Any CPU.ActiveCfg = Debug|Any CPU
		{73152691-3CDE-46DF-8D04-7117747DFFE7}.Debug|Any CPU.Build.0 = Debug|Any CPU
		{73152691-3CDE-46DF-8D04-7117747DFFE7}.Release|Any CPU.ActiveCfg = Release|Any CPU
		{73152691-3CDE-46DF-8D04-7117747DFFE7}.Release|Any CPU.Build.0 = Release|Any CPU
	EndGlobalSection
	GlobalSection(SolutionProperties) = preSolution
		HideSolutionNode = FALSE
	EndGlobalSection
	GlobalSection(ExtensibilityGlobals) = postSolution
		SolutionGuid = {E29AE3CE-8F9C-4226-8A1A-3E809587898A}
	EndGlobalSection
EndGlobal
